<?xml version="1.0" encoding="utf-8"?>
<Project ToolsVersion="17.0" xmlns="http://schemas.microsoft.com/developer/msbuild/2003">
  <ItemGroup>
    <CustomBuild Include="C:\Users\Taco\Documents\GitHub\tracer_custom\src\build_win\CMakeFiles\571ce941ae6212174240a72af4f620eb\generate.stamp.rule">
      <Filter>CMake Rules</Filter>
    </CustomBuild>
  </ItemGroup>
  <ItemGroup>
    <Filter Include="CMake Rules">
      <UniqueIdentifier>{80F1311A-80D4-3FAB-97D5-FAF4823124D9}</UniqueIdentifier>
    </Filter>
  </ItemGroup>
</Project>
